<?xml version="1.0" encoding="utf-8"?>
<Project ToolsVersion="15.0" xmlns="http://schemas.microsoft.com/developer/msbuild/2003">
  <ItemGroup>
    <ClCompile Include="$(ProjectDir)..\src\common.cpp">
      <Filter>src</Filter>
    </ClCompile>
    <ClCompile Include="$(ProjectDir)..\src\world.cpp">
      <Filter>src</Filter>
    </ClCompile>
    <ClCompile Include="..\src\main.cpp">
      <Filter>src</Filter>
    </ClCompile>
    <ClCompile Include="..\src\gameobject.cpp">
      <Filter>src</Filter>
    </ClCompile>
    <ClCompile Include="..\src\Cleanable\puddle.cpp">
      <Filter>src\Cleanable</Filter>
    </ClCompile>
    <ClCompile Include="..\src\Cleanable\artifact.cpp">
      <Filter>src\Cleanable</Filter>
    </ClCompile>
    <ClCompile Include="..\src\camera.cpp">
      <Filter>src</Filter>
    </ClCompile>
    <ClCompile Include="..\src\door.cpp">
      <Filter>src\Dungeon</Filter>
    </ClCompile>
    <ClCompile Include="..\src\dungeon.cpp">
      <Filter>src\Dungeon</Filter>
    </ClCompile>
    <ClCompile Include="..\src\floor.cpp">
      <Filter>src\Dungeon</Filter>
    </ClCompile>
    <ClCompile Include="..\src\room.cpp">
      <Filter>src\Dungeon</Filter>
    </ClCompile>
    <ClCompile Include="..\src\roomtextparser.cpp">
      <Filter>src\Dungeon</Filter>
    </ClCompile>
    <ClCompile Include="..\src\wall.cpp">
      <Filter>src\Dungeon</Filter>
    </ClCompile>
    <ClCompile Include="..\src\pathfinder.cpp">
      <Filter>src\AI</Filter>
    </ClCompile>
    <ClCompile Include="..\src\pathfindernode.cpp">
      <Filter>src\AI</Filter>
    </ClCompile>
    <ClCompile Include="..\src\ValueIteration.cpp">
      <Filter>src\AI</Filter>
    </ClCompile>
    <ClCompile Include="..\src\boss.cpp">
      <Filter>src\Creatues</Filter>
    </ClCompile>
    <ClCompile Include="..\src\hero.cpp">
      <Filter>src\Creatues</Filter>
    </ClCompile>
    <ClCompile Include="..\src\janitor.cpp">
      <Filter>src\Creatues</Filter>
    </ClCompile>
    <ClCompile Include="..\src\gameover.cpp">
      <Filter>src</Filter>
    </ClCompile>
    <ClCompile Include="..\src\healthbar.cpp">
      <Filter>src\UI</Filter>
    </ClCompile>
  </ItemGroup>
  <ItemGroup>
    <ClInclude Include="..\src\world.hpp">
      <Filter>headers</Filter>
    </ClInclude>
    <ClInclude Include="..\src\common.hpp">
      <Filter>headers</Filter>
    </ClInclude>
    <ClInclude Include="..\src\gameobject.hpp">
      <Filter>headers</Filter>
    </ClInclude>
    <ClInclude Include="..\src\Cleanable\puddle.hpp">
      <Filter>headers\Cleanable</Filter>
    </ClInclude>
    <ClInclude Include="..\src\dungeon.hpp">
      <Filter>headers\Dungeon</Filter>
    </ClInclude>
    <ClInclude Include="..\src\floor.hpp">
      <Filter>headers\Dungeon</Filter>
    </ClInclude>
    <ClInclude Include="..\src\room.hpp">
      <Filter>headers\Dungeon</Filter>
    </ClInclude>
    <ClInclude Include="..\src\roomtextparser.hpp">
      <Filter>headers\Dungeon</Filter>
    </ClInclude>
    <ClInclude Include="..\src\wall.hpp">
      <Filter>headers\Dungeon</Filter>
    </ClInclude>
    <ClInclude Include="..\src\door.hpp">
      <Filter>headers\Dungeon</Filter>
    </ClInclude>
    <ClInclude Include="..\src\Cleanable\artifact.hpp">
      <Filter>headers\Cleanable</Filter>
    </ClInclude>
    <ClInclude Include="..\src\camera.hpp">
      <Filter>headers</Filter>
    </ClInclude>
    <ClInclude Include="..\src\ValueIteration.hpp">
      <Filter>headers\AI</Filter>
    </ClInclude>
    <ClInclude Include="..\src\pathfinder.hpp">
      <Filter>headers\AI</Filter>
    </ClInclude>
    <ClInclude Include="..\src\pathfindernode.hpp">
      <Filter>headers\AI</Filter>
    </ClInclude>
    <ClInclude Include="..\src\boss.hpp">
      <Filter>headers\Creatues</Filter>
    </ClInclude>
    <ClInclude Include="..\src\hero.hpp">
      <Filter>headers\Creatues</Filter>
    </ClInclude>
    <ClInclude Include="..\src\janitor.hpp">
      <Filter>headers\Creatues</Filter>
    </ClInclude>
    <ClInclude Include="..\src\gameover.hpp">
      <Filter>headers</Filter>
    </ClInclude>
    <ClInclude Include="..\src\healthbar.hpp">
      <Filter>headers\UI</Filter>
    </ClInclude>
  </ItemGroup>
  <ItemGroup>
    <Filter Include="src">
      <UniqueIdentifier>{b425f16e-5279-40c8-80a3-3ab4b783fa7e}</UniqueIdentifier>
    </Filter>
    <Filter Include="headers">
      <UniqueIdentifier>{c4e4833b-1bf2-4d23-b065-832505bd0e4a}</UniqueIdentifier>
    </Filter>
    <Filter Include="headers\Cleanable">
      <UniqueIdentifier>{590b0228-f513-402e-a5f5-0354d52e4f79}</UniqueIdentifier>
    </Filter>
    <Filter Include="src\Cleanable">
      <UniqueIdentifier>{b3f0eb77-2f6d-486f-8fb4-791ca05ee1df}</UniqueIdentifier>
    </Filter>
    <Filter Include="src\Dungeon">
      <UniqueIdentifier>{750c0b13-8c1e-4978-9eb8-c129266e9118}</UniqueIdentifier>
    </Filter>
    <Filter Include="headers\Dungeon">
      <UniqueIdentifier>{41434c59-faf3-4595-ac85-c601daf24aa3}</UniqueIdentifier>
    </Filter>
    <Filter Include="headers\AI">
      <UniqueIdentifier>{929c110c-2bbe-4b0a-95ec-02dfa8e5e772}</UniqueIdentifier>
    </Filter>
    <Filter Include="src\AI">
      <UniqueIdentifier>{161fe1cc-1e72-4ade-a05d-067c76b9094a}</UniqueIdentifier>
    </Filter>
    <Filter Include="src\Creatues">
      <UniqueIdentifier>{b10edf56-be2e-46bd-bb42-43acf6a3aa73}</UniqueIdentifier>
    </Filter>
    <Filter Include="headers\Creatues">
      <UniqueIdentifier>{bc2e40af-2c4d-4aab-869a-f03d58f094fd}</UniqueIdentifier>
    </Filter>
    <Filter Include="src\UI">
      <UniqueIdentifier>{cd4c2f91-b894-4270-bdfd-59bf54dcbc6d}</UniqueIdentifier>
    </Filter>
    <Filter Include="headers\UI">
      <UniqueIdentifier>{803b344d-cd74-430a-845e-aab09a76f77e}</UniqueIdentifier>
    </Filter>
  </ItemGroup>
</Project>