<?xml version="1.0" encoding="utf-8"?>
<Project ToolsVersion="15.0" xmlns="http://schemas.microsoft.com/developer/msbuild/2003">
  <ItemGroup>
    <ClCompile Include="$(ProjectDir)..\src\common.cpp">
      <Filter>src</Filter>
    </ClCompile>
    <ClCompile Include="$(ProjectDir)..\src\world.cpp">
      <Filter>src</Filter>
    </ClCompile>
    <ClCompile Include="..\src\main.cpp">
      <Filter>src</Filter>
    </ClCompile>
    <ClCompile Include="..\src\room.cpp">
      <Filter>src</Filter>
    </ClCompile>
    <ClCompile Include="..\src\floor.cpp">
      <Filter>src</Filter>
    </ClCompile>
    <ClCompile Include="..\src\wall.cpp">
      <Filter>src</Filter>
    </ClCompile>
  </ItemGroup>
  <ItemGroup>
    <ClInclude Include="..\src\world.hpp">
      <Filter>headers</Filter>
    </ClInclude>
    <ClInclude Include="..\src\common.hpp">
      <Filter>headers</Filter>
    </ClInclude>
    <ClInclude Include="..\src\room.hpp">
      <Filter>headers</Filter>
    </ClInclude>
    <ClInclude Include="..\src\floor.hpp">
      <Filter>headers</Filter>
    </ClInclude>
    <ClInclude Include="..\src\wall.hpp">
      <Filter>headers</Filter>
    </ClInclude>
  </ItemGroup>
  <ItemGroup>
    <Filter Include="src">
      <UniqueIdentifier>{b425f16e-5279-40c8-80a3-3ab4b783fa7e}</UniqueIdentifier>
    </Filter>
    <Filter Include="headers">
      <UniqueIdentifier>{c4e4833b-1bf2-4d23-b065-832505bd0e4a}</UniqueIdentifier>
    </Filter>
  </ItemGroup>
</Project>